{
  "name": "sb-atom-sonic-pi",
  "version": "0.1.4",
  "lockfileVersion": 2,
  "requires": true,
  "packages": {
    "": {
      "name": "sb-atom-sonic-pi",
      "version": "0.1.4",
      "license": "MIT",
      "dependencies": {
        "jsonfile": "^6.0.1",
        "node-osc": "^1.2.0"
      },
      "engines": {
        "atom": ">=1.0.0 <2.0.0"
      }
    },
    "node_modules/binpack": {
      "version": "0.1.0",
      "resolved": "https://registry.npmjs.org/binpack/-/binpack-0.1.0.tgz",
      "integrity": "sha512-KcSrsGiIKgklTWweVb9XnZPWO1/rGSsK3fwR7VnbDPbLKPlkvSKd/ZrJ1W712r6HzH5u0fa/AZCftATO09x8Aw=="
    },
    "node_modules/graceful-fs": {
      "version": "4.2.10",
      "resolved": "https://registry.npmjs.org/graceful-fs/-/graceful-fs-4.2.10.tgz",
      "integrity": "sha512-9ByhssR2fPVsNZj478qUUbKfmL0+t5BDVyjShtyZZLiK7ZDAArFFfopyOTj0M05wE2tJPisA4iTnnXl2YoPvOA==",
      "optional": true
    },
    "node_modules/jsonfile": {
      "version": "6.1.0",
      "resolved": "https://registry.npmjs.org/jsonfile/-/jsonfile-6.1.0.tgz",
      "integrity": "sha512-5dgndWOriYSm5cnYaJNhalLNDKOqFwyDB/rr1E9ZsGciGvKPs8R2xYGCacuf3z6K1YKDz182fd+fY3cn3pMqXQ==",
      "dependencies": {
        "universalify": "^2.0.0"
      },
      "optionalDependencies": {
        "graceful-fs": "^4.1.6"
      }
    },
    "node_modules/jspack": {
      "version": "0.0.4",
      "resolved": "https://registry.npmjs.org/jspack/-/jspack-0.0.4.tgz",
      "integrity": "sha1-Mt01x/3LPjRWwY+7fvntC8YjgXc="
    },
    "node_modules/node-osc": {
      "version": "1.2.0",
      "resolved": "https://registry.npmjs.org/node-osc/-/node-osc-1.2.0.tgz",
      "integrity": "sha1-PPT/vLHk1JzqRSi5S/h8gcjqhdU=",
      "dependencies": {
        "jspack": "0.0.4",
        "osc-min": "^0.2.0"
      }
    },
    "node_modules/osc-min": {
      "version": "0.2.0",
      "resolved": "https://registry.npmjs.org/osc-min/-/osc-min-0.2.0.tgz",
      "integrity": "sha1-sIZNYxlJojs5CjEzSvrFLIn29HM=",
      "dependencies": {
        "binpack": "~0"
      },
      "engines": {
        "node": ">=0.10.0"
      }
    },
    "node_modules/universalify": {
      "version": "2.0.0",
      "resolved": "https://registry.npmjs.org/universalify/-/universalify-2.0.0.tgz",
      "integrity": "sha512-hAZsKq7Yy11Zu1DE0OzWjw7nnLZmJZYTDZZyEFHZdUhV8FkH5MCfoU1XMaxXovpyW5nq5scPqq0ZDP9Zyl04oQ==",
      "engines": {
        "node": ">= 10.0.0"
      }
    }
  },
  "dependencies": {
    "binpack": {
      "version": "0.1.0",
      "resolved": "https://registry.npmjs.org/binpack/-/binpack-0.1.0.tgz",
      "integrity": "sha512-KcSrsGiIKgklTWweVb9XnZPWO1/rGSsK3fwR7VnbDPbLKPlkvSKd/ZrJ1W712r6HzH5u0fa/AZCftATO09x8Aw=="
    },
    "graceful-fs": {
      "version": "4.2.10",
      "resolved": "https://registry.npmjs.org/graceful-fs/-/graceful-fs-4.2.10.tgz",
      "integrity": "sha512-9ByhssR2fPVsNZj478qUUbKfmL0+t5BDVyjShtyZZLiK7ZDAArFFfopyOTj0M05wE2tJPisA4iTnnXl2YoPvOA==",
      "optional": true
    },
    "jsonfile": {
      "version": "6.1.0",
      "resolved": "https://registry.npmjs.org/jsonfile/-/jsonfile-6.1.0.tgz",
      "integrity": "sha512-5dgndWOriYSm5cnYaJNhalLNDKOqFwyDB/rr1E9ZsGciGvKPs8R2xYGCacuf3z6K1YKDz182fd+fY3cn3pMqXQ==",
      "requires": {
        "graceful-fs": "^4.1.6",
        "universalify": "^2.0.0"
      }
    },
    "jspack": {
      "version": "0.0.4",
      "resolved": "https://registry.npmjs.org/jspack/-/jspack-0.0.4.tgz",
      "integrity": "sha1-Mt01x/3LPjRWwY+7fvntC8YjgXc="
    },
    "node-osc": {
      "version": "1.2.0",
      "resolved": "https://registry.npmjs.org/node-osc/-/node-osc-1.2.0.tgz",
      "integrity": "sha1-PPT/vLHk1JzqRSi5S/h8gcjqhdU=",
      "requires": {
        "jspack": "0.0.4",
        "osc-min": "^0.2.0"
      }
    },
    "osc-min": {
      "version": "0.2.0",
      "resolved": "https://registry.npmjs.org/osc-min/-/osc-min-0.2.0.tgz",
      "integrity": "sha1-sIZNYxlJojs5CjEzSvrFLIn29HM=",
      "requires": {
        "binpack": "~0"
      }
    },
    "universalify": {
      "version": "2.0.0",
      "resolved": "https://registry.npmjs.org/universalify/-/universalify-2.0.0.tgz",
      "integrity": "sha512-hAZsKq7Yy11Zu1DE0OzWjw7nnLZmJZYTDZZyEFHZdUhV8FkH5MCfoU1XMaxXovpyW5nq5scPqq0ZDP9Zyl04oQ=="
    }
  }
}
